
Microsoft Visual Studio Solution File, Format Version 12.00
# Visual Studio 14
VisualStudioVersion = 14.0.25420.1
MinimumVisualStudioVersion = 10.0.40219.1
Project("{FAE04EC0-301F-11D3-BF4B-00C04F79EFBC}") = "TeamFight.Core", "TeamFight.Core\TeamFight.Core.csproj", "{C9E71910-FCAE-473A-A9EB-63EE0BDA2D09}"
EndProject
Project("{FAE04EC0-301F-11D3-BF4B-00C04F79EFBC}") = "TeamFight.Tools", "TeamFight.Tools\TeamFight.Tools.csproj", "{701F4087-0598-44F4-849F-C075128CE1CD}"
EndProject
Project("{FAE04EC0-301F-11D3-BF4B-00C04F79EFBC}") = "TeamFight.Host", "TeamFight.Host\TeamFight.Host.csproj", "{2CAD9387-EC9E-492C-8D0E-4117B5D136AB}"
EndProject
Project("{FAE04EC0-301F-11D3-BF4B-00C04F79EFBC}") = "TeamFight.Test", "TeamFight.Test\TeamFight.Test.csproj", "{03AD0F2D-89B3-439D-8038-DD388644C1BD}"
EndProject
Global
	GlobalSection(SolutionConfigurationPlatforms) = preSolution
		Debug|Any CPU = Debug|Any CPU
		Release|Any CPU = Release|Any CPU
	EndGlobalSection
	GlobalSection(ProjectConfigurationPlatforms) = postSolution
		{C9E71910-FCAE-473A-A9EB-63EE0BDA2D09}.Debug|Any CPU.ActiveCfg = Debug|Any CPU
		{C9E71910-FCAE-473A-A9EB-63EE0BDA2D09}.Debug|Any CPU.Build.0 = Debug|Any CPU
		{C9E71910-FCAE-473A-A9EB-63EE0BDA2D09}.Release|Any CPU.ActiveCfg = Release|Any CPU
		{C9E71910-FCAE-473A-A9EB-63EE0BDA2D09}.Release|Any CPU.Build.0 = Release|Any CPU
		{701F4087-0598-44F4-849F-C075128CE1CD}.Debug|Any CPU.ActiveCfg = Debug|Any CPU
		{701F4087-0598-44F4-849F-C075128CE1CD}.Debug|Any CPU.Build.0 = Debug|Any CPU
		{701F4087-0598-44F4-849F-C075128CE1CD}.Release|Any CPU.ActiveCfg = Release|Any CPU
		{701F4087-0598-44F4-849F-C075128CE1CD}.Release|Any CPU.Build.0 = Release|Any CPU
		{2CAD9387-EC9E-492C-8D0E-4117B5D136AB}.Debug|Any CPU.ActiveCfg = Debug|Any CPU
		{2CAD9387-EC9E-492C-8D0E-4117B5D136AB}.Debug|Any CPU.Build.0 = Debug|Any CPU
		{2CAD9387-EC9E-492C-8D0E-4117B5D136AB}.Release|Any CPU.ActiveCfg = Release|Any CPU
		{2CAD9387-EC9E-492C-8D0E-4117B5D136AB}.Release|Any CPU.Build.0 = Release|Any CPU
		{03AD0F2D-89B3-439D-8038-DD388644C1BD}.Debug|Any CPU.ActiveCfg = Debug|Any CPU
		{03AD0F2D-89B3-439D-8038-DD388644C1BD}.Debug|Any CPU.Build.0 = Debug|Any CPU
		{03AD0F2D-89B3-439D-8038-DD388644C1BD}.Release|Any CPU.ActiveCfg = Release|Any CPU
		{03AD0F2D-89B3-439D-8038-DD388644C1BD}.Release|Any CPU.Build.0 = Release|Any CPU
	EndGlobalSection
	GlobalSection(SolutionProperties) = preSolution
		HideSolutionNode = FALSE
	EndGlobalSection
EndGlobal
